
Microsoft Visual Studio Solution File, Format Version 12.00
# Visual Studio Version 17
VisualStudioVersion = 17.7.34031.279
MinimumVisualStudioVersion = 10.0.40219.1
Project("{FAE04EC0-301F-11D3-BF4B-00C04F79EFBC}") = "Week3Switch", "Week3Switch\Week3Switch.csproj", "{56563DF0-5731-422B-BCDF-EA2FD24B7BF9}"
EndProject
Project("{FAE04EC0-301F-11D3-BF4B-00C04F79EFBC}") = "Week3remainderOperator", "Week3remainderOperator\Week3remainderOperator.csproj", "{A7ED061F-4C57-467A-B202-EC27434A78B6}"
EndProject
Global
	GlobalSection(SolutionConfigurationPlatforms) = preSolution
		Debug|Any CPU = Debug|Any CPU
		Release|Any CPU = Release|Any CPU
	EndGlobalSection
	GlobalSection(ProjectConfigurationPlatforms) = postSolution
		{56563DF0-5731-422B-BCDF-EA2FD24B7BF9}.Debug|Any CPU.ActiveCfg = Debug|Any CPU
		{56563DF0-5731-422B-BCDF-EA2FD24B7BF9}.Debug|Any CPU.Build.0 = Debug|Any CPU
		{56563DF0-5731-422B-BCDF-EA2FD24B7BF9}.Release|Any CPU.ActiveCfg = Release|Any CPU
		{56563DF0-5731-422B-BCDF-EA2FD24B7BF9}.Release|Any CPU.Build.0 = Release|Any CPU
		{A7ED061F-4C57-467A-B202-EC27434A78B6}.Debug|Any CPU.ActiveCfg = Debug|Any CPU
		{A7ED061F-4C57-467A-B202-EC27434A78B6}.Debug|Any CPU.Build.0 = Debug|Any CPU
		{A7ED061F-4C57-467A-B202-EC27434A78B6}.Release|Any CPU.ActiveCfg = Release|Any CPU
		{A7ED061F-4C57-467A-B202-EC27434A78B6}.Release|Any CPU.Build.0 = Release|Any CPU
	EndGlobalSection
	GlobalSection(SolutionProperties) = preSolution
		HideSolutionNode = FALSE
	EndGlobalSection
	GlobalSection(ExtensibilityGlobals) = postSolution
		SolutionGuid = {0A9B656C-44D4-44B3-AA0C-880452AFE784}
	EndGlobalSection
EndGlobal
